
Microsoft Visual Studio Solution File, Format Version 12.00
# Visual Studio Version 17
VisualStudioVersion = 17.3.32922.545
MinimumVisualStudioVersion = 10.0.40219.1
Project("{888888A0-9F3D-457C-B088-3A5042F75D52}") = "pokepaster", "pokepaster\pokepaster.pyproj", "{65B3FFAA-37C5-4573-A50B-5862B19ADC87}"
EndProject
Global
	GlobalSection(SolutionConfigurationPlatforms) = preSolution
		Debug|Any CPU = Debug|Any CPU
		Release|Any CPU = Release|Any CPU
	EndGlobalSection
	GlobalSection(ProjectConfigurationPlatforms) = postSolution
		{65B3FFAA-37C5-4573-A50B-5862B19ADC87}.Debug|Any CPU.ActiveCfg = Debug|Any CPU
		{65B3FFAA-37C5-4573-A50B-5862B19ADC87}.Release|Any CPU.ActiveCfg = Release|Any CPU
	EndGlobalSection
	GlobalSection(SolutionProperties) = preSolution
		HideSolutionNode = FALSE
	EndGlobalSection
	GlobalSection(ExtensibilityGlobals) = postSolution
		SolutionGuid = {D5CEE849-5D3D-4AD6-AA8E-33D5D58FF80F}
	EndGlobalSection
EndGlobal
